
Microsoft Visual Studio Solution File, Format Version 12.00
# Visual Studio Version 17
VisualStudioVersion = 17.14.36301.6 d17.14
MinimumVisualStudioVersion = 10.0.40219.1
Project("{FAE04EC0-301F-11D3-BF4B-00C04F79EFBC}") = "Assignment1", "Assignment1\Assignment1.csproj", "{9D38845B-3B76-47F2-A8AC-F1E3B995D4E6}"
EndProject
Global
	GlobalSection(SolutionConfigurationPlatforms) = preSolution
		Debug|Any CPU = Debug|Any CPU
		Release|Any CPU = Release|Any CPU
	EndGlobalSection
	GlobalSection(ProjectConfigurationPlatforms) = postSolution
		{9D38845B-3B76-47F2-A8AC-F1E3B995D4E6}.Debug|Any CPU.ActiveCfg = Debug|Any CPU
		{9D38845B-3B76-47F2-A8AC-F1E3B995D4E6}.Debug|Any CPU.Build.0 = Debug|Any CPU
		{9D38845B-3B76-47F2-A8AC-F1E3B995D4E6}.Release|Any CPU.ActiveCfg = Release|Any CPU
		{9D38845B-3B76-47F2-A8AC-F1E3B995D4E6}.Release|Any CPU.Build.0 = Release|Any CPU
	EndGlobalSection
	GlobalSection(SolutionProperties) = preSolution
		HideSolutionNode = FALSE
	EndGlobalSection
	GlobalSection(ExtensibilityGlobals) = postSolution
		SolutionGuid = {153208CA-E8A6-4341-9DA5-70DBD3DD336E}
	EndGlobalSection
EndGlobal
